
Microsoft Visual Studio Solution File, Format Version 12.00
# Visual Studio 2012
Project("{FAE04EC0-301F-11D3-BF4B-00C04F79EFBC}") = "app1", "app1\app1.csproj", "{635C00AB-EC07-4ADE-81D9-A5A8322854D1}"
EndProject
Global
	GlobalSection(SolutionConfigurationPlatforms) = preSolution
		Debug|iPhoneSimulator = Debug|iPhoneSimulator
		Release|iPhone = Release|iPhone
		Release|iPhoneSimulator = Release|iPhoneSimulator
		Debug|iPhone = Debug|iPhone
	EndGlobalSection
	GlobalSection(ProjectConfigurationPlatforms) = postSolution
		{635C00AB-EC07-4ADE-81D9-A5A8322854D1}.Debug|iPhoneSimulator.ActiveCfg = Debug|iPhoneSimulator
		{635C00AB-EC07-4ADE-81D9-A5A8322854D1}.Debug|iPhoneSimulator.Build.0 = Debug|iPhoneSimulator
		{635C00AB-EC07-4ADE-81D9-A5A8322854D1}.Release|iPhone.ActiveCfg = Release|iPhone
		{635C00AB-EC07-4ADE-81D9-A5A8322854D1}.Release|iPhone.Build.0 = Release|iPhone
		{635C00AB-EC07-4ADE-81D9-A5A8322854D1}.Release|iPhoneSimulator.ActiveCfg = Release|iPhoneSimulator
		{635C00AB-EC07-4ADE-81D9-A5A8322854D1}.Release|iPhoneSimulator.Build.0 = Release|iPhoneSimulator
		{635C00AB-EC07-4ADE-81D9-A5A8322854D1}.Debug|iPhone.ActiveCfg = Debug|iPhone
		{635C00AB-EC07-4ADE-81D9-A5A8322854D1}.Debug|iPhone.Build.0 = Debug|iPhone
	EndGlobalSection
EndGlobal
